// !$*UTF8*$!
{
	archiveVersion = 1;
	classes = {
	};
	objectVersion = 50;
	objects = {

/* Begin PBXBuildFile section */
		164644642306F9A500B12217 /* AppDelegate.swift in Sources */ = {isa = PBXBuildFile; fileRef = 164644632306F9A500B12217 /* AppDelegate.swift */; };
		164644662306F9A500B12217 /* IntroductionViewController.swift in Sources */ = {isa = PBXBuildFile; fileRef = 164644652306F9A500B12217 /* IntroductionViewController.swift */; };
		164644692306F9A500B12217 /* Main.storyboard in Resources */ = {isa = PBXBuildFile; fileRef = 164644672306F9A500B12217 /* Main.storyboard */; };
		1646446B2306F9A600B12217 /* Assets.xcassets in Resources */ = {isa = PBXBuildFile; fileRef = 1646446A2306F9A600B12217 /* Assets.xcassets */; };
		1646446E2306F9A600B12217 /* LaunchScreen.storyboard in Resources */ = {isa = PBXBuildFile; fileRef = 1646446C2306F9A600B12217 /* LaunchScreen.storyboard */; };
		16464476230701BA00B12217 /* QuestionViewControllerPartFour.DisplayQuestionsAndAnswers.swift in Sources */ = {isa = PBXBuildFile; fileRef = 16464475230701B900B12217 /* QuestionViewControllerPartFour.DisplayQuestionsAndAnswers.swift */; };
		16464478230701CF00B12217 /* ResultsViewController.swift in Sources */ = {isa = PBXBuildFile; fileRef = 16464477230701CF00B12217 /* ResultsViewController.swift */; };
		164D81FA2307209C0076156D /* Default-568h@2x.png in Resources */ = {isa = PBXBuildFile; fileRef = 164D81F92307209C0076156D /* Default-568h@2x.png */; };
		164D81FC230750AD0076156D /* QuestionData.swift in Sources */ = {isa = PBXBuildFile; fileRef = 164D81FB230750AD0076156D /* QuestionData.swift */; };
/* End PBXBuildFile section */

/* Begin PBXFileReference section */
		164644602306F9A500B12217 /* PersonalityQuiz.app */ = {isa = PBXFileReference; explicitFileType = wrapper.application; includeInIndex = 0; path = PersonalityQuiz.app; sourceTree = BUILT_PRODUCTS_DIR; };
		164644632306F9A500B12217 /* AppDelegate.swift */ = {isa = PBXFileReference; lastKnownFileType = sourcecode.swift; path = AppDelegate.swift; sourceTree = "<group>"; };
		164644652306F9A500B12217 /* IntroductionViewController.swift */ = {isa = PBXFileReference; lastKnownFileType = sourcecode.swift; path = IntroductionViewController.swift; sourceTree = "<group>"; };
		164644682306F9A500B12217 /* Base */ = {isa = PBXFileReference; lastKnownFileType = file.storyboard; name = Base; path = ../Main.storyboard; sourceTree = "<group>"; };
		1646446A2306F9A600B12217 /* Assets.xcassets */ = {isa = PBXFileReference; lastKnownFileType = folder.assetcatalog; path = Assets.xcassets; sourceTree = "<group>"; };
		1646446D2306F9A600B12217 /* Base */ = {isa = PBXFileReference; lastKnownFileType = file.storyboard; name = Base; path = Base.lproj/LaunchScreen.storyboard; sourceTree = "<group>"; };
		1646446F2306F9A600B12217 /* Info.plist */ = {isa = PBXFileReference; lastKnownFileType = text.plist.xml; path = Info.plist; sourceTree = "<group>"; };
		16464475230701B900B12217 /* QuestionViewControllerPartFour.DisplayQuestionsAndAnswers.swift */ = {isa = PBXFileReference; lastKnownFileType = sourcecode.swift; path = QuestionViewControllerPartFour.DisplayQuestionsAndAnswers.swift; sourceTree = "<group>"; wrapsLines = 0; };
		16464477230701CF00B12217 /* ResultsViewController.swift */ = {isa = PBXFileReference; lastKnownFileType = sourcecode.swift; path = ResultsViewController.swift; sourceTree = "<group>"; };
		164D81F92307209C0076156D /* Default-568h@2x.png */ = {isa = PBXFileReference; lastKnownFileType = image.png; path = "Default-568h@2x.png"; sourceTree = "<group>"; };
		164D81FB230750AD0076156D /* QuestionData.swift */ = {isa = PBXFileReference; lastKnownFileType = sourcecode.swift; path = QuestionData.swift; sourceTree = "<group>"; };
/* End PBXFileReference section */

/* Begin PBXFrameworksBuildPhase section */
		1646445D2306F9A500B12217 /* Frameworks */ = {
			isa = PBXFrameworksBuildPhase;
			buildActionMask = 2147483647;
			files = (
			);
			runOnlyForDeploymentPostprocessing = 0;
		};
/* End PBXFrameworksBuildPhase section */

/* Begin PBXGroup section */
		164644572306F9A500B12217 = {
			isa = PBXGroup;
			children = (
				164D81F92307209C0076156D /* Default-568h@2x.png */,
				164644622306F9A500B12217 /* PersonalityQuiz */,
				164644612306F9A500B12217 /* Products */,
			);
			sourceTree = "<group>";
		};
		164644612306F9A500B12217 /* Products */ = {
			isa = PBXGroup;
			children = (
				164644602306F9A500B12217 /* PersonalityQuiz.app */,
			);
			name = Products;
			sourceTree = "<group>";
		};
		164644622306F9A500B12217 /* PersonalityQuiz */ = {
			isa = PBXGroup;
			children = (
				16464475230701B900B12217 /* QuestionViewControllerPartFour.DisplayQuestionsAndAnswers.swift */,
				16464477230701CF00B12217 /* ResultsViewController.swift */,
				164644652306F9A500B12217 /* IntroductionViewController.swift */,
				164644672306F9A500B12217 /* Main.storyboard */,
				164D81FB230750AD0076156D /* QuestionData.swift */,
				1646446A2306F9A600B12217 /* Assets.xcassets */,
				1646446F2306F9A600B12217 /* Info.plist */,
				164644792307021700B12217 /* SupportingFiles */,
			);
			path = PersonalityQuiz;
			sourceTree = "<group>";
		};
		164644792307021700B12217 /* SupportingFiles */ = {
			isa = PBXGroup;
			children = (
				164644632306F9A500B12217 /* AppDelegate.swift */,
				1646446C2306F9A600B12217 /* LaunchScreen.storyboard */,
			);
			path = SupportingFiles;
			sourceTree = "<group>";
		};
/* End PBXGroup section */

/* Begin PBXNativeTarget section */
		1646445F2306F9A500B12217 /* PersonalityQuiz */ = {
			isa = PBXNativeTarget;
			buildConfigurationList = 164644722306F9A600B12217 /* Build configuration list for PBXNativeTarget "PersonalityQuiz" */;
			buildPhases = (
				1646445C2306F9A500B12217 /* Sources */,
				1646445D2306F9A500B12217 /* Frameworks */,
				1646445E2306F9A500B12217 /* Resources */,
			);
			buildRules = (
			);
			dependencies = (
			);
			name = PersonalityQuiz;
			productName = PersonalityQuiz;
			productReference = 164644602306F9A500B12217 /* PersonalityQuiz.app */;
			productType = "com.apple.product-type.application";
		};
/* End PBXNativeTarget section */

/* Begin PBXProject section */
		164644582306F9A500B12217 /* Project object */ = {
			isa = PBXProject;
			attributes = {
				LastSwiftUpdateCheck = 1020;
				LastUpgradeCheck = 1020;
				ORGANIZATIONNAME = "Jarvis Rojas";
				TargetAttributes = {
					1646445F2306F9A500B12217 = {
						CreatedOnToolsVersion = 10.2.1;
					};
				};
			};
			buildConfigurationList = 1646445B2306F9A500B12217 /* Build configuration list for PBXProject "PersonalityQuiz" */;
			compatibilityVersion = "Xcode 9.3";
			developmentRegion = en;
			hasScannedForEncodings = 0;
			knownRegions = (
				en,
				Base,
				global,
			);
			mainGroup = 164644572306F9A500B12217;
			productRefGroup = 164644612306F9A500B12217 /* Products */;
			projectDirPath = "";
			projectRoot = "";
			targets = (
				1646445F2306F9A500B12217 /* PersonalityQuiz */,
			);
		};
/* End PBXProject section */

/* Begin PBXResourcesBuildPhase section */
		1646445E2306F9A500B12217 /* Resources */ = {
			isa = PBXResourcesBuildPhase;
			buildActionMask = 2147483647;
			files = (
				1646446E2306F9A600B12217 /* LaunchScreen.storyboard in Resources */,
				164D81FA2307209C0076156D /* Default-568h@2x.png in Resources */,
				1646446B2306F9A600B12217 /* Assets.xcassets in Resources */,
				164644692306F9A500B12217 /* Main.storyboard in Resources */,
			);
			runOnlyForDeploymentPostprocessing = 0;
		};
/* End PBXResourcesBuildPhase section */

/* Begin PBXSourcesBuildPhase section */
		1646445C2306F9A500B12217 /* Sources */ = {
			isa = PBXSourcesBuildPhase;
			buildActionMask = 2147483647;
			files = (
				164644662306F9A500B12217 /* IntroductionViewController.swift in Sources */,
				164644642306F9A500B12217 /* AppDelegate.swift in Sources */,
				164D81FC230750AD0076156D /* QuestionData.swift in Sources */,
				16464476230701BA00B12217 /* QuestionViewControllerPartFour.DisplayQuestionsAndAnswers.swift in Sources */,
				16464478230701CF00B12217 /* ResultsViewController.swift in Sources */,
			);
			runOnlyForDeploymentPostprocessing = 0;
		};
/* End PBXSourcesBuildPhase section */

/* Begin PBXVariantGroup section */
		164644672306F9A500B12217 /* Main.storyboard */ = {
			isa = PBXVariantGroup;
			children = (
				164644682306F9A500B12217 /* Base */,
			);
			name = Main.storyboard;
			sourceTree = "<group>";
		};
		1646446C2306F9A600B12217 /* LaunchScreen.storyboard */ = {
			isa = PBXVariantGroup;
			children = (
				1646446D2306F9A600B12217 /* Base */,
			);
			name = LaunchScreen.storyboard;
			sourceTree = "<group>";
		};
/* End PBXVariantGroup section */

/* Begin XCBuildConfiguration section */
		164644702306F9A600B12217 /* Debug */ = {
			isa = XCBuildConfiguration;
			buildSettings = {
				ALWAYS_SEARCH_USER_PATHS = NO;
				CLANG_ANALYZER_NONNULL = YES;
				CLANG_ANALYZER_NUMBER_OBJECT_CONVERSION = YES_AGGRESSIVE;
				CLANG_CXX_LANGUAGE_STANDARD = "gnu++14";
				CLANG_CXX_LIBRARY = "libc++";
				CLANG_ENABLE_MODULES = YES;
				CLANG_ENABLE_OBJC_ARC = YES;
				CLANG_ENABLE_OBJC_WEAK = YES;
				CLANG_WARN_BLOCK_CAPTURE_AUTORELEASING = YES;
				CLANG_WARN_BOOL_CONVERSION = YES;
				CLANG_WARN_COMMA = YES;
				CLANG_WARN_CONSTANT_CONVERSION = YES;
				CLANG_WARN_DEPRECATED_OBJC_IMPLEMENTATIONS = YES;
				CLANG_WARN_DIRECT_OBJC_ISA_USAGE = YES_ERROR;
				CLANG_WARN_DOCUMENTATION_COMMENTS = YES;
				CLANG_WARN_EMPTY_BODY = YES;
				CLANG_WARN_ENUM_CONVERSION = YES;
				CLANG_WARN_INFINITE_RECURSION = YES;
				CLANG_WARN_INT_CONVERSION = YES;
				CLANG_WARN_NON_LITERAL_NULL_CONVERSION = YES;
				CLANG_WARN_OBJC_IMPLICIT_RETAIN_SELF = YES;
				CLANG_WARN_OBJC_LITERAL_CONVERSION = YES;
				CLANG_WARN_OBJC_ROOT_CLASS = YES_ERROR;
				CLANG_WARN_RANGE_LOOP_ANALYSIS = YES;
				CLANG_WARN_STRICT_PROTOTYPES = YES;
				CLANG_WARN_SUSPICIOUS_MOVE = YES;
				CLANG_WARN_UNGUARDED_AVAILABILITY = YES_AGGRESSIVE;
				CLANG_WARN_UNREACHABLE_CODE = YES;
				CLANG_WARN__DUPLICATE_METHOD_MATCH = YES;
				CODE_SIGN_IDENTITY = "iPhone Developer";
				COPY_PHASE_STRIP = NO;
				DEBUG_INFORMATION_FORMAT = dwarf;
				ENABLE_STRICT_OBJC_MSGSEND = YES;
				ENABLE_TESTABILITY = YES;
				GCC_C_LANGUAGE_STANDARD = gnu11;
				GCC_DYNAMIC_NO_PIC = NO;
				GCC_NO_COMMON_BLOCKS = YES;
				GCC_OPTIMIZATION_LEVEL = 0;
				GCC_PREPROCESSOR_DEFINITIONS = (
					"DEBUG=1",
					"$(inherited)",
				);
				GCC_WARN_64_TO_32_BIT_CONVERSION = YES;
				GCC_WARN_ABOUT_RETURN_TYPE = YES_ERROR;
				GCC_WARN_UNDECLARED_SELECTOR = YES;
				GCC_WARN_UNINITIALIZED_AUTOS = YES_AGGRESSIVE;
				GCC_WARN_UNUSED_FUNCTION = YES;
				GCC_WARN_UNUSED_VARIABLE = YES;
				IPHONEOS_DEPLOYMENT_TARGET = 12.2;
				MTL_ENABLE_DEBUG_INFO = INCLUDE_SOURCE;
				MTL_FAST_MATH = YES;
				ONLY_ACTIVE_ARCH = YES;
				SDKROOT = iphoneos;
				SWIFT_ACTIVE_COMPILATION_CONDITIONS = DEBUG;
				SWIFT_OPTIMIZATION_LEVEL = "-Onone";
			};
			name = Debug;
		};
		164644712306F9A600B12217 /* Release */ = {
			isa = XCBuildConfiguration;
			buildSettings = {
				ALWAYS_SEARCH_USER_PATHS = NO;
				CLANG_ANALYZER_NONNULL = YES;
				CLANG_ANALYZER_NUMBER_OBJECT_CONVERSION = YES_AGGRESSIVE;
				CLANG_CXX_LANGUAGE_STANDARD = "gnu++14";
				CLANG_CXX_LIBRARY = "libc++";
				CLANG_ENABLE_MODULES = YES;
				CLANG_ENABLE_OBJC_ARC = YES;
				CLANG_ENABLE_OBJC_WEAK = YES;
				CLANG_WARN_BLOCK_CAPTURE_AUTORELEASING = YES;
				CLANG_WARN_BOOL_CONVERSION = YES;
				CLANG_WARN_COMMA = YES;
				CLANG_WARN_CONSTANT_CONVERSION = YES;
				CLANG_WARN_DEPRECATED_OBJC_IMPLEMENTATIONS = YES;
				CLANG_WARN_DIRECT_OBJC_ISA_USAGE = YES_ERROR;
				CLANG_WARN_DOCUMENTATION_COMMENTS = YES;
				CLANG_WARN_EMPTY_BODY = YES;
				CLANG_WARN_ENUM_CONVERSION = YES;
				CLANG_WARN_INFINITE_RECURSION = YES;
				CLANG_WARN_INT_CONVERSION = YES;
				CLANG_WARN_NON_LITERAL_NULL_CONVERSION = YES;
				CLANG_WARN_OBJC_IMPLICIT_RETAIN_SELF = YES;
				CLANG_WARN_OBJC_LITERAL_CONVERSION = YES;
				CLANG_WARN_OBJC_ROOT_CLASS = YES_ERROR;
				CLANG_WARN_RANGE_LOOP_ANALYSIS = YES;
				CLANG_WARN_STRICT_PROTOTYPES = YES;
				CLANG_WARN_SUSPICIOUS_MOVE = YES;
				CLANG_WARN_UNGUARDED_AVAILABILITY = YES_AGGRESSIVE;
				CLANG_WARN_UNREACHABLE_CODE = YES;
				CLANG_WARN__DUPLICATE_METHOD_MATCH = YES;
				CODE_SIGN_IDENTITY = "iPhone Developer";
				COPY_PHASE_STRIP = NO;
				DEBUG_INFORMATION_FORMAT = "dwarf-with-dsym";
				ENABLE_NS_ASSERTIONS = NO;
				ENABLE_STRICT_OBJC_MSGSEND = YES;
				GCC_C_LANGUAGE_STANDARD = gnu11;
				GCC_NO_COMMON_BLOCKS = YES;
				GCC_WARN_64_TO_32_BIT_CONVERSION = YES;
				GCC_WARN_ABOUT_RETURN_TYPE = YES_ERROR;
				GCC_WARN_UNDECLARED_SELECTOR = YES;
				GCC_WARN_UNINITIALIZED_AUTOS = YES_AGGRESSIVE;
				GCC_WARN_UNUSED_FUNCTION = YES;
				GCC_WARN_UNUSED_VARIABLE = YES;
				IPHONEOS_DEPLOYMENT_TARGET = 12.2;
				MTL_ENABLE_DEBUG_INFO = NO;
				MTL_FAST_MATH = YES;
				SDKROOT = iphoneos;
				SWIFT_COMPILATION_MODE = wholemodule;
				SWIFT_OPTIMIZATION_LEVEL = "-O";
				VALIDATE_PRODUCT = YES;
			};
			name = Release;
		};
		164644732306F9A600B12217 /* Debug */ = {
			isa = XCBuildConfiguration;
			buildSettings = {
				ASSETCATALOG_COMPILER_APPICON_NAME = AppIcon;
				CODE_SIGN_STYLE = Automatic;
				DEVELOPMENT_TEAM = SR5S9M789W;
				INFOPLIST_FILE = PersonalityQuiz/Info.plist;
				LD_RUNPATH_SEARCH_PATHS = (
					"$(inherited)",
					"@executable_path/Frameworks",
				);
				PRODUCT_BUNDLE_IDENTIFIER = "jarvisro-icloud.com.PersonalityQuiz";
				PRODUCT_NAME = "$(TARGET_NAME)";
				SWIFT_VERSION = 5.0;
				TARGETED_DEVICE_FAMILY = "1,2";
			};
			name = Debug;
		};
		164644742306F9A600B12217 /* Release */ = {
			isa = XCBuildConfiguration;
			buildSettings = {
				ASSETCATALOG_COMPILER_APPICON_NAME = AppIcon;
				CODE_SIGN_STYLE = Automatic;
				DEVELOPMENT_TEAM = SR5S9M789W;
				INFOPLIST_FILE = PersonalityQuiz/Info.plist;
				LD_RUNPATH_SEARCH_PATHS = (
					"$(inherited)",
					"@executable_path/Frameworks",
				);
				PRODUCT_BUNDLE_IDENTIFIER = "jarvisro-icloud.com.PersonalityQuiz";
				PRODUCT_NAME = "$(TARGET_NAME)";
				SWIFT_VERSION = 5.0;
				TARGETED_DEVICE_FAMILY = "1,2";
			};
			name = Release;
		};
/* End XCBuildConfiguration section */

/* Begin XCConfigurationList section */
		1646445B2306F9A500B12217 /* Build configuration list for PBXProject "PersonalityQuiz" */ = {
			isa = XCConfigurationList;
			buildConfigurations = (
				164644702306F9A600B12217 /* Debug */,
				164644712306F9A600B12217 /* Release */,
			);
			defaultConfigurationIsVisible = 0;
			defaultConfigurationName = Release;
		};
		164644722306F9A600B12217 /* Build configuration list for PBXNativeTarget "PersonalityQuiz" */ = {
			isa = XCConfigurationList;
			buildConfigurations = (
				164644732306F9A600B12217 /* Debug */,
				164644742306F9A600B12217 /* Release */,
			);
			defaultConfigurationIsVisible = 0;
			defaultConfigurationName = Release;
		};
/* End XCConfigurationList section */
	};
	rootObject = 164644582306F9A500B12217 /* Project object */;
}
